// !$*UTF8*$!
{
	archiveVersion = 1;
	classes = {
	};
	objectVersion = 56;
	objects = {

/* Begin PBXBuildFile section */
		065C23612BDDC2B000045648 /* ClubPage.swift in Sources */ = {isa = PBXBuildFile; fileRef = 065C23602BDDC2B000045648 /* ClubPage.swift */; };
		065C23632BDDC7A700045648 /* ClubIcon.swift in Sources */ = {isa = PBXBuildFile; fileRef = 065C23622BDDC7A700045648 /* ClubIcon.swift */; };
		065C23652BDF072900045648 /* EditProfile.swift in Sources */ = {isa = PBXBuildFile; fileRef = 065C23642BDF072900045648 /* EditProfile.swift */; };
		065C23672BDF08DC00045648 /* UserIcon.swift in Sources */ = {isa = PBXBuildFile; fileRef = 065C23662BDF08DC00045648 /* UserIcon.swift */; };
		0677A3712BD7301F00D6CBAA /* BookClubFrontEndApp.swift in Sources */ = {isa = PBXBuildFile; fileRef = 0677A3702BD7301F00D6CBAA /* BookClubFrontEndApp.swift */; };
		0677A3732BD7301F00D6CBAA /* ContentView.swift in Sources */ = {isa = PBXBuildFile; fileRef = 0677A3722BD7301F00D6CBAA /* ContentView.swift */; };
		0677A3752BD7301F00D6CBAA /* Item.swift in Sources */ = {isa = PBXBuildFile; fileRef = 0677A3742BD7301F00D6CBAA /* Item.swift */; };
		0677A3772BD7302200D6CBAA /* Assets.xcassets in Resources */ = {isa = PBXBuildFile; fileRef = 0677A3762BD7302200D6CBAA /* Assets.xcassets */; };
		0677A37A2BD7302200D6CBAA /* Preview Assets.xcassets in Resources */ = {isa = PBXBuildFile; fileRef = 0677A3792BD7302200D6CBAA /* Preview Assets.xcassets */; };
		0677A3842BD7302200D6CBAA /* BookClubFrontEndTests.swift in Sources */ = {isa = PBXBuildFile; fileRef = 0677A3832BD7302200D6CBAA /* BookClubFrontEndTests.swift */; };
		0677A38E2BD7302200D6CBAA /* BookClubFrontEndUITests.swift in Sources */ = {isa = PBXBuildFile; fileRef = 0677A38D2BD7302200D6CBAA /* BookClubFrontEndUITests.swift */; };
		0677A3902BD7302200D6CBAA /* BookClubFrontEndUITestsLaunchTests.swift in Sources */ = {isa = PBXBuildFile; fileRef = 0677A38F2BD7302200D6CBAA /* BookClubFrontEndUITestsLaunchTests.swift */; };
		0677A39E2BD738AA00D6CBAA /* UserProfile.swift in Sources */ = {isa = PBXBuildFile; fileRef = 0677A39D2BD738AA00D6CBAA /* UserProfile.swift */; };
		0677A3A02BD73B9100D6CBAA /* MyClubs.swift in Sources */ = {isa = PBXBuildFile; fileRef = 0677A39F2BD73B9100D6CBAA /* MyClubs.swift */; };
		0677A3A22BD73E9100D6CBAA /* Home.swift in Sources */ = {isa = PBXBuildFile; fileRef = 0677A3A12BD73E9100D6CBAA /* Home.swift */; };
		0677A3AE2BD75BE000D6CBAA /* ModelFile.swift in Sources */ = {isa = PBXBuildFile; fileRef = 0677A3AD2BD75BE000D6CBAA /* ModelFile.swift */; };
		0677A3B12BD75C6300D6CBAA /* User.swift in Sources */ = {isa = PBXBuildFile; fileRef = 0677A3B02BD75C6300D6CBAA /* User.swift */; };
		0677A3B32BD75DAF00D6CBAA /* Club.swift in Sources */ = {isa = PBXBuildFile; fileRef = 0677A3B22BD75DAF00D6CBAA /* Club.swift */; };
		0677A3B52BD75FE200D6CBAA /* Book.swift in Sources */ = {isa = PBXBuildFile; fileRef = 0677A3B42BD75FE200D6CBAA /* Book.swift */; };
		0677A3B72BD760F400D6CBAA /* Review.swift in Sources */ = {isa = PBXBuildFile; fileRef = 0677A3B62BD760F400D6CBAA /* Review.swift */; };
		0677A3C62BD7F57500D6CBAA /* ClubRow.swift in Sources */ = {isa = PBXBuildFile; fileRef = 0677A3C52BD7F57500D6CBAA /* ClubRow.swift */; };
		0677A3CB2BD7F90600D6CBAA /* BookIcon.swift in Sources */ = {isa = PBXBuildFile; fileRef = 0677A3CA2BD7F90600D6CBAA /* BookIcon.swift */; };
		8118BA592BD86AD80079C7E4 /* SingleBookInfo.swift in Sources */ = {isa = PBXBuildFile; fileRef = 8118BA582BD86AD80079C7E4 /* SingleBookInfo.swift */; };
		8118BA5C2BD86BEA0079C7E4 /* ReviewView.swift in Sources */ = {isa = PBXBuildFile; fileRef = 8118BA5B2BD86BEA0079C7E4 /* ReviewView.swift */; };
		8118BA5E2BD86BF50079C7E4 /* Reviews.swift in Sources */ = {isa = PBXBuildFile; fileRef = 8118BA5D2BD86BF50079C7E4 /* Reviews.swift */; };
		8118BA602BD86C3F0079C7E4 /* WriteReview.swift in Sources */ = {isa = PBXBuildFile; fileRef = 8118BA5F2BD86C3F0079C7E4 /* WriteReview.swift */; };
		8118BA622BD871210079C7E4 /* oneBookTestData.json in Resources */ = {isa = PBXBuildFile; fileRef = 8118BA612BD871210079C7E4 /* oneBookTestData.json */; };
		819F21E02BDBED530097E6C4 /* oneUserTestData.json in Resources */ = {isa = PBXBuildFile; fileRef = 819F21DF2BDBED530097E6C4 /* oneUserTestData.json */; };
		819F21E22BDBEE650097E6C4 /* oneReviewTestData.json in Resources */ = {isa = PBXBuildFile; fileRef = 819F21E12BDBEE650097E6C4 /* oneReviewTestData.json */; };
		819F21E42BDBEF520097E6C4 /* oneClubTestData.json in Resources */ = {isa = PBXBuildFile; fileRef = 819F21E32BDBEF520097E6C4 /* oneClubTestData.json */; };
/* End PBXBuildFile section */

/* Begin PBXContainerItemProxy section */
		0677A3802BD7302200D6CBAA /* PBXContainerItemProxy */ = {
			isa = PBXContainerItemProxy;
			containerPortal = 0677A3652BD7301F00D6CBAA /* Project object */;
			proxyType = 1;
			remoteGlobalIDString = 0677A36C2BD7301F00D6CBAA;
			remoteInfo = BookClubFrontEnd;
		};
		0677A38A2BD7302200D6CBAA /* PBXContainerItemProxy */ = {
			isa = PBXContainerItemProxy;
			containerPortal = 0677A3652BD7301F00D6CBAA /* Project object */;
			proxyType = 1;
			remoteGlobalIDString = 0677A36C2BD7301F00D6CBAA;
			remoteInfo = BookClubFrontEnd;
		};
/* End PBXContainerItemProxy section */

/* Begin PBXFileReference section */
		065C23602BDDC2B000045648 /* ClubPage.swift */ = {isa = PBXFileReference; lastKnownFileType = sourcecode.swift; path = ClubPage.swift; sourceTree = "<group>"; };
		065C23622BDDC7A700045648 /* ClubIcon.swift */ = {isa = PBXFileReference; lastKnownFileType = sourcecode.swift; path = ClubIcon.swift; sourceTree = "<group>"; };
		065C23642BDF072900045648 /* EditProfile.swift */ = {isa = PBXFileReference; lastKnownFileType = sourcecode.swift; path = EditProfile.swift; sourceTree = "<group>"; };
		065C23662BDF08DC00045648 /* UserIcon.swift */ = {isa = PBXFileReference; lastKnownFileType = sourcecode.swift; path = UserIcon.swift; sourceTree = "<group>"; };
		0677A36D2BD7301F00D6CBAA /* BookClubFrontEnd.app */ = {isa = PBXFileReference; explicitFileType = wrapper.application; includeInIndex = 0; path = BookClubFrontEnd.app; sourceTree = BUILT_PRODUCTS_DIR; };
		0677A3702BD7301F00D6CBAA /* BookClubFrontEndApp.swift */ = {isa = PBXFileReference; lastKnownFileType = sourcecode.swift; path = BookClubFrontEndApp.swift; sourceTree = "<group>"; };
		0677A3722BD7301F00D6CBAA /* ContentView.swift */ = {isa = PBXFileReference; lastKnownFileType = sourcecode.swift; path = ContentView.swift; sourceTree = "<group>"; };
		0677A3742BD7301F00D6CBAA /* Item.swift */ = {isa = PBXFileReference; lastKnownFileType = sourcecode.swift; path = Item.swift; sourceTree = "<group>"; };
		0677A3762BD7302200D6CBAA /* Assets.xcassets */ = {isa = PBXFileReference; lastKnownFileType = folder.assetcatalog; path = Assets.xcassets; sourceTree = "<group>"; };
		0677A3792BD7302200D6CBAA /* Preview Assets.xcassets */ = {isa = PBXFileReference; lastKnownFileType = folder.assetcatalog; path = "Preview Assets.xcassets"; sourceTree = "<group>"; };
		0677A37F2BD7302200D6CBAA /* BookClubFrontEndTests.xctest */ = {isa = PBXFileReference; explicitFileType = wrapper.cfbundle; includeInIndex = 0; path = BookClubFrontEndTests.xctest; sourceTree = BUILT_PRODUCTS_DIR; };
		0677A3832BD7302200D6CBAA /* BookClubFrontEndTests.swift */ = {isa = PBXFileReference; lastKnownFileType = sourcecode.swift; path = BookClubFrontEndTests.swift; sourceTree = "<group>"; };
		0677A3892BD7302200D6CBAA /* BookClubFrontEndUITests.xctest */ = {isa = PBXFileReference; explicitFileType = wrapper.cfbundle; includeInIndex = 0; path = BookClubFrontEndUITests.xctest; sourceTree = BUILT_PRODUCTS_DIR; };
		0677A38D2BD7302200D6CBAA /* BookClubFrontEndUITests.swift */ = {isa = PBXFileReference; lastKnownFileType = sourcecode.swift; path = BookClubFrontEndUITests.swift; sourceTree = "<group>"; };
		0677A38F2BD7302200D6CBAA /* BookClubFrontEndUITestsLaunchTests.swift */ = {isa = PBXFileReference; lastKnownFileType = sourcecode.swift; path = BookClubFrontEndUITestsLaunchTests.swift; sourceTree = "<group>"; };
		0677A39D2BD738AA00D6CBAA /* UserProfile.swift */ = {isa = PBXFileReference; lastKnownFileType = sourcecode.swift; path = UserProfile.swift; sourceTree = "<group>"; };
		0677A39F2BD73B9100D6CBAA /* MyClubs.swift */ = {isa = PBXFileReference; lastKnownFileType = sourcecode.swift; path = MyClubs.swift; sourceTree = "<group>"; };
		0677A3A12BD73E9100D6CBAA /* Home.swift */ = {isa = PBXFileReference; lastKnownFileType = sourcecode.swift; path = Home.swift; sourceTree = "<group>"; };
		0677A3AD2BD75BE000D6CBAA /* ModelFile.swift */ = {isa = PBXFileReference; lastKnownFileType = sourcecode.swift; path = ModelFile.swift; sourceTree = "<group>"; };
		0677A3B02BD75C6300D6CBAA /* User.swift */ = {isa = PBXFileReference; lastKnownFileType = sourcecode.swift; path = User.swift; sourceTree = "<group>"; };
		0677A3B22BD75DAF00D6CBAA /* Club.swift */ = {isa = PBXFileReference; lastKnownFileType = sourcecode.swift; path = Club.swift; sourceTree = "<group>"; };
		0677A3B42BD75FE200D6CBAA /* Book.swift */ = {isa = PBXFileReference; lastKnownFileType = sourcecode.swift; path = Book.swift; sourceTree = "<group>"; };
		0677A3B62BD760F400D6CBAA /* Review.swift */ = {isa = PBXFileReference; lastKnownFileType = sourcecode.swift; path = Review.swift; sourceTree = "<group>"; };
		0677A3C52BD7F57500D6CBAA /* ClubRow.swift */ = {isa = PBXFileReference; lastKnownFileType = sourcecode.swift; path = ClubRow.swift; sourceTree = "<group>"; };
		0677A3CA2BD7F90600D6CBAA /* BookIcon.swift */ = {isa = PBXFileReference; lastKnownFileType = sourcecode.swift; path = BookIcon.swift; sourceTree = "<group>"; };
		8118BA582BD86AD80079C7E4 /* SingleBookInfo.swift */ = {isa = PBXFileReference; lastKnownFileType = sourcecode.swift; path = SingleBookInfo.swift; sourceTree = "<group>"; };
		8118BA5B2BD86BEA0079C7E4 /* ReviewView.swift */ = {isa = PBXFileReference; lastKnownFileType = sourcecode.swift; path = ReviewView.swift; sourceTree = "<group>"; };
		8118BA5D2BD86BF50079C7E4 /* Reviews.swift */ = {isa = PBXFileReference; lastKnownFileType = sourcecode.swift; path = Reviews.swift; sourceTree = "<group>"; };
		8118BA5F2BD86C3F0079C7E4 /* WriteReview.swift */ = {isa = PBXFileReference; lastKnownFileType = sourcecode.swift; path = WriteReview.swift; sourceTree = "<group>"; };
		8118BA612BD871210079C7E4 /* oneBookTestData.json */ = {isa = PBXFileReference; lastKnownFileType = text.json; path = oneBookTestData.json; sourceTree = "<group>"; };
		819F21DF2BDBED530097E6C4 /* oneUserTestData.json */ = {isa = PBXFileReference; lastKnownFileType = text.json; path = oneUserTestData.json; sourceTree = "<group>"; };
		819F21E12BDBEE650097E6C4 /* oneReviewTestData.json */ = {isa = PBXFileReference; lastKnownFileType = text.json; path = oneReviewTestData.json; sourceTree = "<group>"; };
		819F21E32BDBEF520097E6C4 /* oneClubTestData.json */ = {isa = PBXFileReference; lastKnownFileType = text.json; path = oneClubTestData.json; sourceTree = "<group>"; };
/* End PBXFileReference section */

/* Begin PBXFrameworksBuildPhase section */
		0677A36A2BD7301F00D6CBAA /* Frameworks */ = {
			isa = PBXFrameworksBuildPhase;
			buildActionMask = 2147483647;
			files = (
			);
			runOnlyForDeploymentPostprocessing = 0;
		};
		0677A37C2BD7302200D6CBAA /* Frameworks */ = {
			isa = PBXFrameworksBuildPhase;
			buildActionMask = 2147483647;
			files = (
			);
			runOnlyForDeploymentPostprocessing = 0;
		};
		0677A3862BD7302200D6CBAA /* Frameworks */ = {
			isa = PBXFrameworksBuildPhase;
			buildActionMask = 2147483647;
			files = (
			);
			runOnlyForDeploymentPostprocessing = 0;
		};
/* End PBXFrameworksBuildPhase section */

/* Begin PBXGroup section */
		0677A3642BD7301F00D6CBAA = {
			isa = PBXGroup;
			children = (
				0677A36F2BD7301F00D6CBAA /* BookClubFrontEnd */,
				0677A3822BD7302200D6CBAA /* BookClubFrontEndTests */,
				0677A38C2BD7302200D6CBAA /* BookClubFrontEndUITests */,
				0677A36E2BD7301F00D6CBAA /* Products */,
			);
			sourceTree = "<group>";
		};
		0677A36E2BD7301F00D6CBAA /* Products */ = {
			isa = PBXGroup;
			children = (
				0677A36D2BD7301F00D6CBAA /* BookClubFrontEnd.app */,
				0677A37F2BD7302200D6CBAA /* BookClubFrontEndTests.xctest */,
				0677A3892BD7302200D6CBAA /* BookClubFrontEndUITests.xctest */,
			);
			name = Products;
			sourceTree = "<group>";
		};
		0677A36F2BD7301F00D6CBAA /* BookClubFrontEnd */ = {
			isa = PBXGroup;
			children = (
				0677A3702BD7301F00D6CBAA /* BookClubFrontEndApp.swift */,
				0677A3C32BD7F50400D6CBAA /* view */,
				0677A3BD2BD7620700D6CBAA /* resources */,
				0677A3AF2BD75C4E00D6CBAA /* model */,
				0677A3742BD7301F00D6CBAA /* Item.swift */,
				0677A3762BD7302200D6CBAA /* Assets.xcassets */,
				0677A3782BD7302200D6CBAA /* Preview Content */,
			);
			path = BookClubFrontEnd;
			sourceTree = "<group>";
		};
		0677A3782BD7302200D6CBAA /* Preview Content */ = {
			isa = PBXGroup;
			children = (
				0677A3792BD7302200D6CBAA /* Preview Assets.xcassets */,
			);
			path = "Preview Content";
			sourceTree = "<group>";
		};
		0677A3822BD7302200D6CBAA /* BookClubFrontEndTests */ = {
			isa = PBXGroup;
			children = (
				0677A3832BD7302200D6CBAA /* BookClubFrontEndTests.swift */,
			);
			path = BookClubFrontEndTests;
			sourceTree = "<group>";
		};
		0677A38C2BD7302200D6CBAA /* BookClubFrontEndUITests */ = {
			isa = PBXGroup;
			children = (
				0677A38D2BD7302200D6CBAA /* BookClubFrontEndUITests.swift */,
				0677A38F2BD7302200D6CBAA /* BookClubFrontEndUITestsLaunchTests.swift */,
			);
			path = BookClubFrontEndUITests;
			sourceTree = "<group>";
		};
		0677A3AF2BD75C4E00D6CBAA /* model */ = {
			isa = PBXGroup;
			children = (
				0677A3AD2BD75BE000D6CBAA /* ModelFile.swift */,
				0677A3B02BD75C6300D6CBAA /* User.swift */,
				0677A3B22BD75DAF00D6CBAA /* Club.swift */,
				0677A3B42BD75FE200D6CBAA /* Book.swift */,
				0677A3B62BD760F400D6CBAA /* Review.swift */,
			);
			path = model;
			sourceTree = "<group>";
		};
		0677A3BD2BD7620700D6CBAA /* resources */ = {
			isa = PBXGroup;
			children = (
				8118BA612BD871210079C7E4 /* oneBookTestData.json */,
				819F21DF2BDBED530097E6C4 /* oneUserTestData.json */,
				819F21E12BDBEE650097E6C4 /* oneReviewTestData.json */,
				819F21E32BDBEF520097E6C4 /* oneClubTestData.json */,
			);
			path = resources;
			sourceTree = "<group>";
		};
		0677A3C32BD7F50400D6CBAA /* view */ = {
			isa = PBXGroup;
			children = (
				8118BA5A2BD86BD90079C7E4 /* Reviews */,
				0677A3722BD7301F00D6CBAA /* ContentView.swift */,
				0677A39D2BD738AA00D6CBAA /* UserProfile.swift */,
				0677A3A12BD73E9100D6CBAA /* Home.swift */,
				8118BA582BD86AD80079C7E4 /* SingleBookInfo.swift */,
				065C23642BDF072900045648 /* EditProfile.swift */,
				0677A3C42BD7F53500D6CBAA /* clubs */,
				0677A3C72BD7F84400D6CBAA /* helper */,
			);
			path = view;
			sourceTree = "<group>";
		};
		0677A3C42BD7F53500D6CBAA /* clubs */ = {
			isa = PBXGroup;
			children = (
				0677A39F2BD73B9100D6CBAA /* MyClubs.swift */,
				0677A3C52BD7F57500D6CBAA /* ClubRow.swift */,
				065C23602BDDC2B000045648 /* ClubPage.swift */,
			);
			path = clubs;
			sourceTree = "<group>";
		};
		0677A3C72BD7F84400D6CBAA /* helper */ = {
			isa = PBXGroup;
			children = (
				0677A3CA2BD7F90600D6CBAA /* BookIcon.swift */,
				065C23622BDDC7A700045648 /* ClubIcon.swift */,
				065C23662BDF08DC00045648 /* UserIcon.swift */,
			);
			path = helper;
			sourceTree = "<group>";
		};
		8118BA5A2BD86BD90079C7E4 /* Reviews */ = {
			isa = PBXGroup;
			children = (
				8118BA5B2BD86BEA0079C7E4 /* ReviewView.swift */,
				8118BA5D2BD86BF50079C7E4 /* Reviews.swift */,
				8118BA5F2BD86C3F0079C7E4 /* WriteReview.swift */,
			);
			path = Reviews;
			sourceTree = "<group>";
		};
/* End PBXGroup section */

/* Begin PBXNativeTarget section */
		0677A36C2BD7301F00D6CBAA /* BookClubFrontEnd */ = {
			isa = PBXNativeTarget;
			buildConfigurationList = 0677A3932BD7302200D6CBAA /* Build configuration list for PBXNativeTarget "BookClubFrontEnd" */;
			buildPhases = (
				0677A3692BD7301F00D6CBAA /* Sources */,
				0677A36A2BD7301F00D6CBAA /* Frameworks */,
				0677A36B2BD7301F00D6CBAA /* Resources */,
			);
			buildRules = (
			);
			dependencies = (
			);
			name = BookClubFrontEnd;
			productName = BookClubFrontEnd;
			productReference = 0677A36D2BD7301F00D6CBAA /* BookClubFrontEnd.app */;
			productType = "com.apple.product-type.application";
		};
		0677A37E2BD7302200D6CBAA /* BookClubFrontEndTests */ = {
			isa = PBXNativeTarget;
			buildConfigurationList = 0677A3962BD7302200D6CBAA /* Build configuration list for PBXNativeTarget "BookClubFrontEndTests" */;
			buildPhases = (
				0677A37B2BD7302200D6CBAA /* Sources */,
				0677A37C2BD7302200D6CBAA /* Frameworks */,
				0677A37D2BD7302200D6CBAA /* Resources */,
			);
			buildRules = (
			);
			dependencies = (
				0677A3812BD7302200D6CBAA /* PBXTargetDependency */,
			);
			name = BookClubFrontEndTests;
			productName = BookClubFrontEndTests;
			productReference = 0677A37F2BD7302200D6CBAA /* BookClubFrontEndTests.xctest */;
			productType = "com.apple.product-type.bundle.unit-test";
		};
		0677A3882BD7302200D6CBAA /* BookClubFrontEndUITests */ = {
			isa = PBXNativeTarget;
			buildConfigurationList = 0677A3992BD7302200D6CBAA /* Build configuration list for PBXNativeTarget "BookClubFrontEndUITests" */;
			buildPhases = (
				0677A3852BD7302200D6CBAA /* Sources */,
				0677A3862BD7302200D6CBAA /* Frameworks */,
				0677A3872BD7302200D6CBAA /* Resources */,
			);
			buildRules = (
			);
			dependencies = (
				0677A38B2BD7302200D6CBAA /* PBXTargetDependency */,
			);
			name = BookClubFrontEndUITests;
			productName = BookClubFrontEndUITests;
			productReference = 0677A3892BD7302200D6CBAA /* BookClubFrontEndUITests.xctest */;
			productType = "com.apple.product-type.bundle.ui-testing";
		};
/* End PBXNativeTarget section */

/* Begin PBXProject section */
		0677A3652BD7301F00D6CBAA /* Project object */ = {
			isa = PBXProject;
			attributes = {
				BuildIndependentTargetsInParallel = 1;
				LastSwiftUpdateCheck = 1530;
				LastUpgradeCheck = 1530;
				TargetAttributes = {
					0677A36C2BD7301F00D6CBAA = {
						CreatedOnToolsVersion = 15.3;
					};
					0677A37E2BD7302200D6CBAA = {
						CreatedOnToolsVersion = 15.3;
						TestTargetID = 0677A36C2BD7301F00D6CBAA;
					};
					0677A3882BD7302200D6CBAA = {
						CreatedOnToolsVersion = 15.3;
						TestTargetID = 0677A36C2BD7301F00D6CBAA;
					};
				};
			};
			buildConfigurationList = 0677A3682BD7301F00D6CBAA /* Build configuration list for PBXProject "BookClubFrontEnd" */;
			compatibilityVersion = "Xcode 14.0";
			developmentRegion = en;
			hasScannedForEncodings = 0;
			knownRegions = (
				en,
				Base,
			);
			mainGroup = 0677A3642BD7301F00D6CBAA;
			productRefGroup = 0677A36E2BD7301F00D6CBAA /* Products */;
			projectDirPath = "";
			projectRoot = "";
			targets = (
				0677A36C2BD7301F00D6CBAA /* BookClubFrontEnd */,
				0677A37E2BD7302200D6CBAA /* BookClubFrontEndTests */,
				0677A3882BD7302200D6CBAA /* BookClubFrontEndUITests */,
			);
		};
/* End PBXProject section */

/* Begin PBXResourcesBuildPhase section */
		0677A36B2BD7301F00D6CBAA /* Resources */ = {
			isa = PBXResourcesBuildPhase;
			buildActionMask = 2147483647;
			files = (
				0677A37A2BD7302200D6CBAA /* Preview Assets.xcassets in Resources */,
				8118BA622BD871210079C7E4 /* oneBookTestData.json in Resources */,
				819F21E02BDBED530097E6C4 /* oneUserTestData.json in Resources */,
				819F21E22BDBEE650097E6C4 /* oneReviewTestData.json in Resources */,
				819F21E42BDBEF520097E6C4 /* oneClubTestData.json in Resources */,
				0677A3772BD7302200D6CBAA /* Assets.xcassets in Resources */,
			);
			runOnlyForDeploymentPostprocessing = 0;
		};
		0677A37D2BD7302200D6CBAA /* Resources */ = {
			isa = PBXResourcesBuildPhase;
			buildActionMask = 2147483647;
			files = (
			);
			runOnlyForDeploymentPostprocessing = 0;
		};
		0677A3872BD7302200D6CBAA /* Resources */ = {
			isa = PBXResourcesBuildPhase;
			buildActionMask = 2147483647;
			files = (
			);
			runOnlyForDeploymentPostprocessing = 0;
		};
/* End PBXResourcesBuildPhase section */

/* Begin PBXSourcesBuildPhase section */
		0677A3692BD7301F00D6CBAA /* Sources */ = {
			isa = PBXSourcesBuildPhase;
			buildActionMask = 2147483647;
			files = (
				0677A3A02BD73B9100D6CBAA /* MyClubs.swift in Sources */,
				065C23672BDF08DC00045648 /* UserIcon.swift in Sources */,
				0677A3B32BD75DAF00D6CBAA /* Club.swift in Sources */,
				0677A39E2BD738AA00D6CBAA /* UserProfile.swift in Sources */,
				065C23652BDF072900045648 /* EditProfile.swift in Sources */,
				8118BA602BD86C3F0079C7E4 /* WriteReview.swift in Sources */,
				0677A3732BD7301F00D6CBAA /* ContentView.swift in Sources */,
				0677A3752BD7301F00D6CBAA /* Item.swift in Sources */,
				8118BA592BD86AD80079C7E4 /* SingleBookInfo.swift in Sources */,
				0677A3B12BD75C6300D6CBAA /* User.swift in Sources */,
				0677A3B72BD760F400D6CBAA /* Review.swift in Sources */,
				8118BA5C2BD86BEA0079C7E4 /* ReviewView.swift in Sources */,
				065C23612BDDC2B000045648 /* ClubPage.swift in Sources */,
				0677A3A22BD73E9100D6CBAA /* Home.swift in Sources */,
				8118BA5E2BD86BF50079C7E4 /* Reviews.swift in Sources */,
				0677A3CB2BD7F90600D6CBAA /* BookIcon.swift in Sources */,
				0677A3AE2BD75BE000D6CBAA /* ModelFile.swift in Sources */,
				0677A3B52BD75FE200D6CBAA /* Book.swift in Sources */,
				0677A3C62BD7F57500D6CBAA /* ClubRow.swift in Sources */,
				0677A3712BD7301F00D6CBAA /* BookClubFrontEndApp.swift in Sources */,
				065C23632BDDC7A700045648 /* ClubIcon.swift in Sources */,
			);
			runOnlyForDeploymentPostprocessing = 0;
		};
		0677A37B2BD7302200D6CBAA /* Sources */ = {
			isa = PBXSourcesBuildPhase;
			buildActionMask = 2147483647;
			files = (
				0677A3842BD7302200D6CBAA /* BookClubFrontEndTests.swift in Sources */,
			);
			runOnlyForDeploymentPostprocessing = 0;
		};
		0677A3852BD7302200D6CBAA /* Sources */ = {
			isa = PBXSourcesBuildPhase;
			buildActionMask = 2147483647;
			files = (
				0677A38E2BD7302200D6CBAA /* BookClubFrontEndUITests.swift in Sources */,
				0677A3902BD7302200D6CBAA /* BookClubFrontEndUITestsLaunchTests.swift in Sources */,
			);
			runOnlyForDeploymentPostprocessing = 0;
		};
/* End PBXSourcesBuildPhase section */

/* Begin PBXTargetDependency section */
		0677A3812BD7302200D6CBAA /* PBXTargetDependency */ = {
			isa = PBXTargetDependency;
			target = 0677A36C2BD7301F00D6CBAA /* BookClubFrontEnd */;
			targetProxy = 0677A3802BD7302200D6CBAA /* PBXContainerItemProxy */;
		};
		0677A38B2BD7302200D6CBAA /* PBXTargetDependency */ = {
			isa = PBXTargetDependency;
			target = 0677A36C2BD7301F00D6CBAA /* BookClubFrontEnd */;
			targetProxy = 0677A38A2BD7302200D6CBAA /* PBXContainerItemProxy */;
		};
/* End PBXTargetDependency section */

/* Begin XCBuildConfiguration section */
		0677A3912BD7302200D6CBAA /* Debug */ = {
			isa = XCBuildConfiguration;
			buildSettings = {
				ALWAYS_SEARCH_USER_PATHS = NO;
				ASSETCATALOG_COMPILER_GENERATE_SWIFT_ASSET_SYMBOL_EXTENSIONS = YES;
				CLANG_ANALYZER_NONNULL = YES;
				CLANG_ANALYZER_NUMBER_OBJECT_CONVERSION = YES_AGGRESSIVE;
				CLANG_CXX_LANGUAGE_STANDARD = "gnu++20";
				CLANG_ENABLE_MODULES = YES;
				CLANG_ENABLE_OBJC_ARC = YES;
				CLANG_ENABLE_OBJC_WEAK = YES;
				CLANG_WARN_BLOCK_CAPTURE_AUTORELEASING = YES;
				CLANG_WARN_BOOL_CONVERSION = YES;
				CLANG_WARN_COMMA = YES;
				CLANG_WARN_CONSTANT_CONVERSION = YES;
				CLANG_WARN_DEPRECATED_OBJC_IMPLEMENTATIONS = YES;
				CLANG_WARN_DIRECT_OBJC_ISA_USAGE = YES_ERROR;
				CLANG_WARN_DOCUMENTATION_COMMENTS = YES;
				CLANG_WARN_EMPTY_BODY = YES;
				CLANG_WARN_ENUM_CONVERSION = YES;
				CLANG_WARN_INFINITE_RECURSION = YES;
				CLANG_WARN_INT_CONVERSION = YES;
				CLANG_WARN_NON_LITERAL_NULL_CONVERSION = YES;
				CLANG_WARN_OBJC_IMPLICIT_RETAIN_SELF = YES;
				CLANG_WARN_OBJC_LITERAL_CONVERSION = YES;
				CLANG_WARN_OBJC_ROOT_CLASS = YES_ERROR;
				CLANG_WARN_QUOTED_INCLUDE_IN_FRAMEWORK_HEADER = YES;
				CLANG_WARN_RANGE_LOOP_ANALYSIS = YES;
				CLANG_WARN_STRICT_PROTOTYPES = YES;
				CLANG_WARN_SUSPICIOUS_MOVE = YES;
				CLANG_WARN_UNGUARDED_AVAILABILITY = YES_AGGRESSIVE;
				CLANG_WARN_UNREACHABLE_CODE = YES;
				CLANG_WARN__DUPLICATE_METHOD_MATCH = YES;
				COPY_PHASE_STRIP = NO;
				DEBUG_INFORMATION_FORMAT = dwarf;
				ENABLE_STRICT_OBJC_MSGSEND = YES;
				ENABLE_TESTABILITY = YES;
				ENABLE_USER_SCRIPT_SANDBOXING = YES;
				GCC_C_LANGUAGE_STANDARD = gnu17;
				GCC_DYNAMIC_NO_PIC = NO;
				GCC_NO_COMMON_BLOCKS = YES;
				GCC_OPTIMIZATION_LEVEL = 0;
				GCC_PREPROCESSOR_DEFINITIONS = (
					"DEBUG=1",
					"$(inherited)",
				);
				GCC_WARN_64_TO_32_BIT_CONVERSION = YES;
				GCC_WARN_ABOUT_RETURN_TYPE = YES_ERROR;
				GCC_WARN_UNDECLARED_SELECTOR = YES;
				GCC_WARN_UNINITIALIZED_AUTOS = YES_AGGRESSIVE;
				GCC_WARN_UNUSED_FUNCTION = YES;
				GCC_WARN_UNUSED_VARIABLE = YES;
				IPHONEOS_DEPLOYMENT_TARGET = 17.4;
				LOCALIZATION_PREFERS_STRING_CATALOGS = YES;
				MTL_ENABLE_DEBUG_INFO = INCLUDE_SOURCE;
				MTL_FAST_MATH = YES;
				ONLY_ACTIVE_ARCH = YES;
				SDKROOT = iphoneos;
				SWIFT_ACTIVE_COMPILATION_CONDITIONS = "DEBUG $(inherited)";
				SWIFT_OPTIMIZATION_LEVEL = "-Onone";
			};
			name = Debug;
		};
		0677A3922BD7302200D6CBAA /* Release */ = {
			isa = XCBuildConfiguration;
			buildSettings = {
				ALWAYS_SEARCH_USER_PATHS = NO;
				ASSETCATALOG_COMPILER_GENERATE_SWIFT_ASSET_SYMBOL_EXTENSIONS = YES;
				CLANG_ANALYZER_NONNULL = YES;
				CLANG_ANALYZER_NUMBER_OBJECT_CONVERSION = YES_AGGRESSIVE;
				CLANG_CXX_LANGUAGE_STANDARD = "gnu++20";
				CLANG_ENABLE_MODULES = YES;
				CLANG_ENABLE_OBJC_ARC = YES;
				CLANG_ENABLE_OBJC_WEAK = YES;
				CLANG_WARN_BLOCK_CAPTURE_AUTORELEASING = YES;
				CLANG_WARN_BOOL_CONVERSION = YES;
				CLANG_WARN_COMMA = YES;
				CLANG_WARN_CONSTANT_CONVERSION = YES;
				CLANG_WARN_DEPRECATED_OBJC_IMPLEMENTATIONS = YES;
				CLANG_WARN_DIRECT_OBJC_ISA_USAGE = YES_ERROR;
				CLANG_WARN_DOCUMENTATION_COMMENTS = YES;
				CLANG_WARN_EMPTY_BODY = YES;
				CLANG_WARN_ENUM_CONVERSION = YES;
				CLANG_WARN_INFINITE_RECURSION = YES;
				CLANG_WARN_INT_CONVERSION = YES;
				CLANG_WARN_NON_LITERAL_NULL_CONVERSION = YES;
				CLANG_WARN_OBJC_IMPLICIT_RETAIN_SELF = YES;
				CLANG_WARN_OBJC_LITERAL_CONVERSION = YES;
				CLANG_WARN_OBJC_ROOT_CLASS = YES_ERROR;
				CLANG_WARN_QUOTED_INCLUDE_IN_FRAMEWORK_HEADER = YES;
				CLANG_WARN_RANGE_LOOP_ANALYSIS = YES;
				CLANG_WARN_STRICT_PROTOTYPES = YES;
				CLANG_WARN_SUSPICIOUS_MOVE = YES;
				CLANG_WARN_UNGUARDED_AVAILABILITY = YES_AGGRESSIVE;
				CLANG_WARN_UNREACHABLE_CODE = YES;
				CLANG_WARN__DUPLICATE_METHOD_MATCH = YES;
				COPY_PHASE_STRIP = NO;
				DEBUG_INFORMATION_FORMAT = "dwarf-with-dsym";
				ENABLE_NS_ASSERTIONS = NO;
				ENABLE_STRICT_OBJC_MSGSEND = YES;
				ENABLE_USER_SCRIPT_SANDBOXING = YES;
				GCC_C_LANGUAGE_STANDARD = gnu17;
				GCC_NO_COMMON_BLOCKS = YES;
				GCC_WARN_64_TO_32_BIT_CONVERSION = YES;
				GCC_WARN_ABOUT_RETURN_TYPE = YES_ERROR;
				GCC_WARN_UNDECLARED_SELECTOR = YES;
				GCC_WARN_UNINITIALIZED_AUTOS = YES_AGGRESSIVE;
				GCC_WARN_UNUSED_FUNCTION = YES;
				GCC_WARN_UNUSED_VARIABLE = YES;
				IPHONEOS_DEPLOYMENT_TARGET = 17.4;
				LOCALIZATION_PREFERS_STRING_CATALOGS = YES;
				MTL_ENABLE_DEBUG_INFO = NO;
				MTL_FAST_MATH = YES;
				SDKROOT = iphoneos;
				SWIFT_COMPILATION_MODE = wholemodule;
				VALIDATE_PRODUCT = YES;
			};
			name = Release;
		};
		0677A3942BD7302200D6CBAA /* Debug */ = {
			isa = XCBuildConfiguration;
			buildSettings = {
				ASSETCATALOG_COMPILER_APPICON_NAME = AppIcon;
				ASSETCATALOG_COMPILER_GLOBAL_ACCENT_COLOR_NAME = AccentColor;
				CODE_SIGN_STYLE = Automatic;
				CURRENT_PROJECT_VERSION = 1;
				DEVELOPMENT_ASSET_PATHS = "\"BookClubFrontEnd/Preview Content\"";
				DEVELOPMENT_TEAM = B6973L3W78;
				ENABLE_PREVIEWS = YES;
				GENERATE_INFOPLIST_FILE = YES;
				INFOPLIST_KEY_UIApplicationSceneManifest_Generation = YES;
				INFOPLIST_KEY_UIApplicationSupportsIndirectInputEvents = YES;
				INFOPLIST_KEY_UILaunchScreen_Generation = YES;
				INFOPLIST_KEY_UISupportedInterfaceOrientations_iPad = "UIInterfaceOrientationPortrait UIInterfaceOrientationPortraitUpsideDown UIInterfaceOrientationLandscapeLeft UIInterfaceOrientationLandscapeRight";
				INFOPLIST_KEY_UISupportedInterfaceOrientations_iPhone = "UIInterfaceOrientationPortrait UIInterfaceOrientationLandscapeLeft UIInterfaceOrientationLandscapeRight";
				LD_RUNPATH_SEARCH_PATHS = (
					"$(inherited)",
					"@executable_path/Frameworks",
				);
				MARKETING_VERSION = 1.0;
				PRODUCT_BUNDLE_IDENTIFIER = Landmarks.BookClubFrontEnd;
				PRODUCT_NAME = "$(TARGET_NAME)";
				SWIFT_EMIT_LOC_STRINGS = YES;
				SWIFT_VERSION = 5.0;
				TARGETED_DEVICE_FAMILY = "1,2";
			};
			name = Debug;
		};
		0677A3952BD7302200D6CBAA /* Release */ = {
			isa = XCBuildConfiguration;
			buildSettings = {
				ASSETCATALOG_COMPILER_APPICON_NAME = AppIcon;
				ASSETCATALOG_COMPILER_GLOBAL_ACCENT_COLOR_NAME = AccentColor;
				CODE_SIGN_STYLE = Automatic;
				CURRENT_PROJECT_VERSION = 1;
				DEVELOPMENT_ASSET_PATHS = "\"BookClubFrontEnd/Preview Content\"";
				DEVELOPMENT_TEAM = B6973L3W78;
				ENABLE_PREVIEWS = YES;
				GENERATE_INFOPLIST_FILE = YES;
				INFOPLIST_KEY_UIApplicationSceneManifest_Generation = YES;
				INFOPLIST_KEY_UIApplicationSupportsIndirectInputEvents = YES;
				INFOPLIST_KEY_UILaunchScreen_Generation = YES;
				INFOPLIST_KEY_UISupportedInterfaceOrientations_iPad = "UIInterfaceOrientationPortrait UIInterfaceOrientationPortraitUpsideDown UIInterfaceOrientationLandscapeLeft UIInterfaceOrientationLandscapeRight";
				INFOPLIST_KEY_UISupportedInterfaceOrientations_iPhone = "UIInterfaceOrientationPortrait UIInterfaceOrientationLandscapeLeft UIInterfaceOrientationLandscapeRight";
				LD_RUNPATH_SEARCH_PATHS = (
					"$(inherited)",
					"@executable_path/Frameworks",
				);
				MARKETING_VERSION = 1.0;
				PRODUCT_BUNDLE_IDENTIFIER = Landmarks.BookClubFrontEnd;
				PRODUCT_NAME = "$(TARGET_NAME)";
				SWIFT_EMIT_LOC_STRINGS = YES;
				SWIFT_VERSION = 5.0;
				TARGETED_DEVICE_FAMILY = "1,2";
			};
			name = Release;
		};
		0677A3972BD7302200D6CBAA /* Debug */ = {
			isa = XCBuildConfiguration;
			buildSettings = {
				ALWAYS_EMBED_SWIFT_STANDARD_LIBRARIES = YES;
				BUNDLE_LOADER = "$(TEST_HOST)";
				CODE_SIGN_STYLE = Automatic;
				CURRENT_PROJECT_VERSION = 1;
				DEVELOPMENT_TEAM = B6973L3W78;
				GENERATE_INFOPLIST_FILE = YES;
				IPHONEOS_DEPLOYMENT_TARGET = 17.4;
				MARKETING_VERSION = 1.0;
				PRODUCT_BUNDLE_IDENTIFIER = Landmarks.BookClubFrontEndTests;
				PRODUCT_NAME = "$(TARGET_NAME)";
				SWIFT_EMIT_LOC_STRINGS = NO;
				SWIFT_VERSION = 5.0;
				TARGETED_DEVICE_FAMILY = "1,2";
				TEST_HOST = "$(BUILT_PRODUCTS_DIR)/BookClubFrontEnd.app/$(BUNDLE_EXECUTABLE_FOLDER_PATH)/BookClubFrontEnd";
			};
			name = Debug;
		};
		0677A3982BD7302200D6CBAA /* Release */ = {
			isa = XCBuildConfiguration;
			buildSettings = {
				ALWAYS_EMBED_SWIFT_STANDARD_LIBRARIES = YES;
				BUNDLE_LOADER = "$(TEST_HOST)";
				CODE_SIGN_STYLE = Automatic;
				CURRENT_PROJECT_VERSION = 1;
				DEVELOPMENT_TEAM = B6973L3W78;
				GENERATE_INFOPLIST_FILE = YES;
				IPHONEOS_DEPLOYMENT_TARGET = 17.4;
				MARKETING_VERSION = 1.0;
				PRODUCT_BUNDLE_IDENTIFIER = Landmarks.BookClubFrontEndTests;
				PRODUCT_NAME = "$(TARGET_NAME)";
				SWIFT_EMIT_LOC_STRINGS = NO;
				SWIFT_VERSION = 5.0;
				TARGETED_DEVICE_FAMILY = "1,2";
				TEST_HOST = "$(BUILT_PRODUCTS_DIR)/BookClubFrontEnd.app/$(BUNDLE_EXECUTABLE_FOLDER_PATH)/BookClubFrontEnd";
			};
			name = Release;
		};
		0677A39A2BD7302200D6CBAA /* Debug */ = {
			isa = XCBuildConfiguration;
			buildSettings = {
				ALWAYS_EMBED_SWIFT_STANDARD_LIBRARIES = YES;
				CODE_SIGN_STYLE = Automatic;
				CURRENT_PROJECT_VERSION = 1;
				DEVELOPMENT_TEAM = B6973L3W78;
				GENERATE_INFOPLIST_FILE = YES;
				MARKETING_VERSION = 1.0;
				PRODUCT_BUNDLE_IDENTIFIER = Landmarks.BookClubFrontEndUITests;
				PRODUCT_NAME = "$(TARGET_NAME)";
				SWIFT_EMIT_LOC_STRINGS = NO;
				SWIFT_VERSION = 5.0;
				TARGETED_DEVICE_FAMILY = "1,2";
				TEST_TARGET_NAME = BookClubFrontEnd;
			};
			name = Debug;
		};
		0677A39B2BD7302200D6CBAA /* Release */ = {
			isa = XCBuildConfiguration;
			buildSettings = {
				ALWAYS_EMBED_SWIFT_STANDARD_LIBRARIES = YES;
				CODE_SIGN_STYLE = Automatic;
				CURRENT_PROJECT_VERSION = 1;
				DEVELOPMENT_TEAM = B6973L3W78;
				GENERATE_INFOPLIST_FILE = YES;
				MARKETING_VERSION = 1.0;
				PRODUCT_BUNDLE_IDENTIFIER = Landmarks.BookClubFrontEndUITests;
				PRODUCT_NAME = "$(TARGET_NAME)";
				SWIFT_EMIT_LOC_STRINGS = NO;
				SWIFT_VERSION = 5.0;
				TARGETED_DEVICE_FAMILY = "1,2";
				TEST_TARGET_NAME = BookClubFrontEnd;
			};
			name = Release;
		};
/* End XCBuildConfiguration section */

/* Begin XCConfigurationList section */
		0677A3682BD7301F00D6CBAA /* Build configuration list for PBXProject "BookClubFrontEnd" */ = {
			isa = XCConfigurationList;
			buildConfigurations = (
				0677A3912BD7302200D6CBAA /* Debug */,
				0677A3922BD7302200D6CBAA /* Release */,
			);
			defaultConfigurationIsVisible = 0;
			defaultConfigurationName = Release;
		};
		0677A3932BD7302200D6CBAA /* Build configuration list for PBXNativeTarget "BookClubFrontEnd" */ = {
			isa = XCConfigurationList;
			buildConfigurations = (
				0677A3942BD7302200D6CBAA /* Debug */,
				0677A3952BD7302200D6CBAA /* Release */,
			);
			defaultConfigurationIsVisible = 0;
			defaultConfigurationName = Release;
		};
		0677A3962BD7302200D6CBAA /* Build configuration list for PBXNativeTarget "BookClubFrontEndTests" */ = {
			isa = XCConfigurationList;
			buildConfigurations = (
				0677A3972BD7302200D6CBAA /* Debug */,
				0677A3982BD7302200D6CBAA /* Release */,
			);
			defaultConfigurationIsVisible = 0;
			defaultConfigurationName = Release;
		};
		0677A3992BD7302200D6CBAA /* Build configuration list for PBXNativeTarget "BookClubFrontEndUITests" */ = {
			isa = XCConfigurationList;
			buildConfigurations = (
				0677A39A2BD7302200D6CBAA /* Debug */,
				0677A39B2BD7302200D6CBAA /* Release */,
			);
			defaultConfigurationIsVisible = 0;
			defaultConfigurationName = Release;
		};
/* End XCConfigurationList section */
	};
	rootObject = 0677A3652BD7301F00D6CBAA /* Project object */;
}
